
Microsoft Visual Studio Solution File, Format Version 12.00
# Visual Studio Version 16
VisualStudioVersion = 16.0.30011.22
MinimumVisualStudioVersion = 10.0.40219.1
Project("{FAE04EC0-301F-11D3-BF4B-00C04F79EFBC}") = "SalesWebMvc", "SalesWebMvc\SalesWebMvc.csproj", "{8C7C4719-321F-43A5-8B54-316823FDEEED}"
EndProject
Global
	GlobalSection(SolutionConfigurationPlatforms) = preSolution
		Debug|Any CPU = Debug|Any CPU
		Release|Any CPU = Release|Any CPU
	EndGlobalSection
	GlobalSection(ProjectConfigurationPlatforms) = postSolution
		{8C7C4719-321F-43A5-8B54-316823FDEEED}.Debug|Any CPU.ActiveCfg = Debug|Any CPU
		{8C7C4719-321F-43A5-8B54-316823FDEEED}.Debug|Any CPU.Build.0 = Debug|Any CPU
		{8C7C4719-321F-43A5-8B54-316823FDEEED}.Release|Any CPU.ActiveCfg = Release|Any CPU
		{8C7C4719-321F-43A5-8B54-316823FDEEED}.Release|Any CPU.Build.0 = Release|Any CPU
	EndGlobalSection
	GlobalSection(SolutionProperties) = preSolution
		HideSolutionNode = FALSE
	EndGlobalSection
	GlobalSection(ExtensibilityGlobals) = postSolution
		SolutionGuid = {E52138D1-0BC2-41E0-87A0-F9576E9A1471}
	EndGlobalSection
EndGlobal
